// !$*UTF8*$!
{
	archiveVersion = 1;
	classes = {
	};
	objectVersion = 56;
	objects = {

/* Begin PBXBuildFile section */
		AB9C97EE2ABE4C5A008B796B /* PowerUIMockChallengeApp.swift in Sources */ = {isa = PBXBuildFile; fileRef = AB9C97ED2ABE4C5A008B796B /* PowerUIMockChallengeApp.swift */; };
		AB9C97F02ABE4C5A008B796B /* ContentView.swift in Sources */ = {isa = PBXBuildFile; fileRef = AB9C97EF2ABE4C5A008B796B /* ContentView.swift */; };
		AB9C97F22ABE4C5B008B796B /* Assets.xcassets in Resources */ = {isa = PBXBuildFile; fileRef = AB9C97F12ABE4C5B008B796B /* Assets.xcassets */; };
		AB9C97F52ABE4C5B008B796B /* Preview Assets.xcassets in Resources */ = {isa = PBXBuildFile; fileRef = AB9C97F42ABE4C5B008B796B /* Preview Assets.xcassets */; };
		AB9C98292ABE4EA1008B796B /* Proxima Nova ExCn Black It.otf in Resources */ = {isa = PBXBuildFile; fileRef = AB9C97FE2ABE4EA1008B796B /* Proxima Nova ExCn Black It.otf */; };
		AB9C982A2ABE4EA1008B796B /* Proxima Nova Cond Light It.otf in Resources */ = {isa = PBXBuildFile; fileRef = AB9C97FF2ABE4EA1008B796B /* Proxima Nova Cond Light It.otf */; };
		AB9C982B2ABE4EA1008B796B /* Proxima Nova Reg It.otf in Resources */ = {isa = PBXBuildFile; fileRef = AB9C98002ABE4EA1008B796B /* Proxima Nova Reg It.otf */; };
		AB9C982C2ABE4EA1008B796B /* Proxima Nova Cond Thin It.otf in Resources */ = {isa = PBXBuildFile; fileRef = AB9C98012ABE4EA1008B796B /* Proxima Nova Cond Thin It.otf */; };
		AB9C982D2ABE4EA1008B796B /* Proxima Nova Cond Bold It.otf in Resources */ = {isa = PBXBuildFile; fileRef = AB9C98022ABE4EA1008B796B /* Proxima Nova Cond Bold It.otf */; };
		AB9C982E2ABE4EA1008B796B /* Proxima Nova Light.otf in Resources */ = {isa = PBXBuildFile; fileRef = AB9C98032ABE4EA1008B796B /* Proxima Nova Light.otf */; };
		AB9C982F2ABE4EA1008B796B /* Proxima Nova ExCn Xbold.otf in Resources */ = {isa = PBXBuildFile; fileRef = AB9C98042ABE4EA1008B796B /* Proxima Nova ExCn Xbold.otf */; };
		AB9C98302ABE4EA1008B796B /* Proxima Nova Xbold It.otf in Resources */ = {isa = PBXBuildFile; fileRef = AB9C98052ABE4EA1008B796B /* Proxima Nova Xbold It.otf */; };
		AB9C98312ABE4EA1008B796B /* Proxima Nova ExCn Black.otf in Resources */ = {isa = PBXBuildFile; fileRef = AB9C98062ABE4EA1008B796B /* Proxima Nova ExCn Black.otf */; };
		AB9C98322ABE4EA1008B796B /* Proxima Nova Cond Thin.otf in Resources */ = {isa = PBXBuildFile; fileRef = AB9C98072ABE4EA1008B796B /* Proxima Nova Cond Thin.otf */; };
		AB9C98332ABE4EA1008B796B /* Proxima Nova Cond Xbold It.otf in Resources */ = {isa = PBXBuildFile; fileRef = AB9C98082ABE4EA1008B796B /* Proxima Nova Cond Xbold It.otf */; };
		AB9C98342ABE4EA1008B796B /* Proxima Nova Cond Light.otf in Resources */ = {isa = PBXBuildFile; fileRef = AB9C98092ABE4EA1008B796B /* Proxima Nova Cond Light.otf */; };
		AB9C98352ABE4EA1008B796B /* Proxima Nova.ttf in Resources */ = {isa = PBXBuildFile; fileRef = AB9C980A2ABE4EA1008B796B /* Proxima Nova.ttf */; };
		AB9C98362ABE4EA1008B796B /* Proxima Nova ExCn Sbold It.otf in Resources */ = {isa = PBXBuildFile; fileRef = AB9C980B2ABE4EA1008B796B /* Proxima Nova ExCn Sbold It.otf */; };
		AB9C98372ABE4EA1008B796B /* Proxima Nova ExCn Sbold.otf in Resources */ = {isa = PBXBuildFile; fileRef = AB9C980C2ABE4EA1008B796B /* Proxima Nova ExCn Sbold.otf */; };
		AB9C98382ABE4EA1008B796B /* Proxima Nova Cond Reg It.otf in Resources */ = {isa = PBXBuildFile; fileRef = AB9C980D2ABE4EA1008B796B /* Proxima Nova Cond Reg It.otf */; };
		AB9C98392ABE4EA1008B796B /* Proxima Nova Light It.otf in Resources */ = {isa = PBXBuildFile; fileRef = AB9C980E2ABE4EA1008B796B /* Proxima Nova Light It.otf */; };
		AB9C983A2ABE4EA1008B796B /* Proxima Nova Cond Bold.otf in Resources */ = {isa = PBXBuildFile; fileRef = AB9C980F2ABE4EA1008B796B /* Proxima Nova Cond Bold.otf */; };
		AB9C983B2ABE4EA1008B796B /* Proxima Nova ExCn Thin.otf in Resources */ = {isa = PBXBuildFile; fileRef = AB9C98102ABE4EA1008B796B /* Proxima Nova ExCn Thin.otf */; };
		AB9C983C2ABE4EA1008B796B /* Proxima Nova Cond Sbold It.otf in Resources */ = {isa = PBXBuildFile; fileRef = AB9C98112ABE4EA1008B796B /* Proxima Nova Cond Sbold It.otf */; };
		AB9C983D2ABE4EA1008B796B /* Proxima Nova Cond Reg.otf in Resources */ = {isa = PBXBuildFile; fileRef = AB9C98122ABE4EA1008B796B /* Proxima Nova Cond Reg.otf */; };
		AB9C983E2ABE4EA1008B796B /* Proxima Nova ExCn Xbold It.otf in Resources */ = {isa = PBXBuildFile; fileRef = AB9C98132ABE4EA1008B796B /* Proxima Nova ExCn Xbold It.otf */; };
		AB9C983F2ABE4EA1008B796B /* Proxima Nova Cond Black.otf in Resources */ = {isa = PBXBuildFile; fileRef = AB9C98142ABE4EA1008B796B /* Proxima Nova Cond Black.otf */; };
		AB9C98402ABE4EA1008B796B /* Proxima Nova Black It.otf in Resources */ = {isa = PBXBuildFile; fileRef = AB9C98152ABE4EA1008B796B /* Proxima Nova Black It.otf */; };
		AB9C98412ABE4EA1008B796B /* Proxima Nova ExCn Light.otf in Resources */ = {isa = PBXBuildFile; fileRef = AB9C98162ABE4EA1008B796B /* Proxima Nova ExCn Light.otf */; };
		AB9C98422ABE4EA1008B796B /* Proxima Nova Xbold.otf in Resources */ = {isa = PBXBuildFile; fileRef = AB9C98172ABE4EA1008B796B /* Proxima Nova Xbold.otf */; };
		AB9C98432ABE4EA1008B796B /* Proxima Nova Bold.ttf in Resources */ = {isa = PBXBuildFile; fileRef = AB9C98182ABE4EA1008B796B /* Proxima Nova Bold.ttf */; };
		AB9C98442ABE4EA1008B796B /* Proxima Nova Cond Sbold.otf in Resources */ = {isa = PBXBuildFile; fileRef = AB9C98192ABE4EA1008B796B /* Proxima Nova Cond Sbold.otf */; };
		AB9C98452ABE4EA1008B796B /* Proxima Nova ExCn Bold.otf in Resources */ = {isa = PBXBuildFile; fileRef = AB9C981A2ABE4EA1008B796B /* Proxima Nova ExCn Bold.otf */; };
		AB9C98462ABE4EA1008B796B /* Proxima Nova Black.otf in Resources */ = {isa = PBXBuildFile; fileRef = AB9C981B2ABE4EA1008B796B /* Proxima Nova Black.otf */; };
		AB9C98472ABE4EA1008B796B /* Proxima Nova ExCn Reg It.otf in Resources */ = {isa = PBXBuildFile; fileRef = AB9C981C2ABE4EA1008B796B /* Proxima Nova ExCn Reg It.otf */; };
		AB9C98482ABE4EA1008B796B /* Proxima Nova ExCn Light It.otf in Resources */ = {isa = PBXBuildFile; fileRef = AB9C981D2ABE4EA1008B796B /* Proxima Nova ExCn Light It.otf */; };
		AB9C98492ABE4EA1008B796B /* Proxima Nova Cond Xbold.otf in Resources */ = {isa = PBXBuildFile; fileRef = AB9C981E2ABE4EA1008B796B /* Proxima Nova Cond Xbold.otf */; };
		AB9C984A2ABE4EA1008B796B /* Proxima Nova Cond Black It.otf in Resources */ = {isa = PBXBuildFile; fileRef = AB9C981F2ABE4EA1008B796B /* Proxima Nova Cond Black It.otf */; };
		AB9C984B2ABE4EA1008B796B /* Proxima Nova Bold.otf in Resources */ = {isa = PBXBuildFile; fileRef = AB9C98202ABE4EA1008B796B /* Proxima Nova Bold.otf */; };
		AB9C984C2ABE4EA1008B796B /* Proxima Nova Sbold.otf in Resources */ = {isa = PBXBuildFile; fileRef = AB9C98212ABE4EA1008B796B /* Proxima Nova Sbold.otf */; };
		AB9C984D2ABE4EA1008B796B /* Proxima Nova Thin It.otf in Resources */ = {isa = PBXBuildFile; fileRef = AB9C98222ABE4EA1008B796B /* Proxima Nova Thin It.otf */; };
		AB9C984E2ABE4EA1008B796B /* Proxima Nova Bold It.otf in Resources */ = {isa = PBXBuildFile; fileRef = AB9C98232ABE4EA1008B796B /* Proxima Nova Bold It.otf */; };
		AB9C984F2ABE4EA1008B796B /* Proxima Nova ExCn Bold It.otf in Resources */ = {isa = PBXBuildFile; fileRef = AB9C98242ABE4EA1008B796B /* Proxima Nova ExCn Bold It.otf */; };
		AB9C98502ABE4EA1008B796B /* Proxima Nova ExCn Thin It.otf in Resources */ = {isa = PBXBuildFile; fileRef = AB9C98252ABE4EA1008B796B /* Proxima Nova ExCn Thin It.otf */; };
		AB9C98512ABE4EA1008B796B /* Proxima Nova Thin.otf in Resources */ = {isa = PBXBuildFile; fileRef = AB9C98262ABE4EA1008B796B /* Proxima Nova Thin.otf */; };
		AB9C98522ABE4EA1008B796B /* Proxima Nova ExCn Reg.otf in Resources */ = {isa = PBXBuildFile; fileRef = AB9C98272ABE4EA1008B796B /* Proxima Nova ExCn Reg.otf */; };
		AB9C98532ABE4EA1008B796B /* Proxima Nova Sbold It.otf in Resources */ = {isa = PBXBuildFile; fileRef = AB9C98282ABE4EA1008B796B /* Proxima Nova Sbold It.otf */; };
		AB9C98562ABE4FD1008B796B /* Extensions.swift in Sources */ = {isa = PBXBuildFile; fileRef = AB9C98552ABE4FD1008B796B /* Extensions.swift */; };
		AB9C98592ABE510A008B796B /* AboutParagraphView.swift in Sources */ = {isa = PBXBuildFile; fileRef = AB9C98582ABE510A008B796B /* AboutParagraphView.swift */; };
		AB9C985B2ABE5117008B796B /* ButtonView.swift in Sources */ = {isa = PBXBuildFile; fileRef = AB9C985A2ABE5117008B796B /* ButtonView.swift */; };
		AB9C985D2ABE5126008B796B /* LinkView.swift in Sources */ = {isa = PBXBuildFile; fileRef = AB9C985C2ABE5126008B796B /* LinkView.swift */; };
		AB9C98612ABE514C008B796B /* PowerHeaderView.swift in Sources */ = {isa = PBXBuildFile; fileRef = AB9C98602ABE514C008B796B /* PowerHeaderView.swift */; };
		AB9C98632ABE5159008B796B /* PowerImageView.swift in Sources */ = {isa = PBXBuildFile; fileRef = AB9C98622ABE5159008B796B /* PowerImageView.swift */; };
		AB9C98652ABE516A008B796B /* SocialMediaView.swift in Sources */ = {isa = PBXBuildFile; fileRef = AB9C98642ABE516A008B796B /* SocialMediaView.swift */; };
		AB9C986A2ABE5482008B796B /* TopCardView.swift in Sources */ = {isa = PBXBuildFile; fileRef = AB9C98692ABE5482008B796B /* TopCardView.swift */; };
		AB9C986E2ABE5BFC008B796B /* TechHeaderView.swift in Sources */ = {isa = PBXBuildFile; fileRef = AB9C986D2ABE5BFC008B796B /* TechHeaderView.swift */; };
		AB9C98702ABE5CA7008B796B /* BottomCardHeaderView.swift in Sources */ = {isa = PBXBuildFile; fileRef = AB9C986F2ABE5CA7008B796B /* BottomCardHeaderView.swift */; };
		AB9C98772ABE5EE8008B796B /* EmployeeView.swift in Sources */ = {isa = PBXBuildFile; fileRef = AB9C98762ABE5EE8008B796B /* EmployeeView.swift */; };
		AB9C98792ABE5EFD008B796B /* EmployeeIconView.swift in Sources */ = {isa = PBXBuildFile; fileRef = AB9C98782ABE5EFD008B796B /* EmployeeIconView.swift */; };
		AB9C987B2ABE6025008B796B /* AvatarIconView.swift in Sources */ = {isa = PBXBuildFile; fileRef = AB9C987A2ABE6025008B796B /* AvatarIconView.swift */; };
		AB9C987D2ABE63A6008B796B /* BottomCardView.swift in Sources */ = {isa = PBXBuildFile; fileRef = AB9C987C2ABE63A6008B796B /* BottomCardView.swift */; };
/* End PBXBuildFile section */

/* Begin PBXFileReference section */
		AB9C97EA2ABE4C5A008B796B /* PowerUIMockChallenge.app */ = {isa = PBXFileReference; explicitFileType = wrapper.application; includeInIndex = 0; path = PowerUIMockChallenge.app; sourceTree = BUILT_PRODUCTS_DIR; };
		AB9C97ED2ABE4C5A008B796B /* PowerUIMockChallengeApp.swift */ = {isa = PBXFileReference; lastKnownFileType = sourcecode.swift; path = PowerUIMockChallengeApp.swift; sourceTree = "<group>"; };
		AB9C97EF2ABE4C5A008B796B /* ContentView.swift */ = {isa = PBXFileReference; lastKnownFileType = sourcecode.swift; path = ContentView.swift; sourceTree = "<group>"; };
		AB9C97F12ABE4C5B008B796B /* Assets.xcassets */ = {isa = PBXFileReference; lastKnownFileType = folder.assetcatalog; path = Assets.xcassets; sourceTree = "<group>"; };
		AB9C97F42ABE4C5B008B796B /* Preview Assets.xcassets */ = {isa = PBXFileReference; lastKnownFileType = folder.assetcatalog; path = "Preview Assets.xcassets"; sourceTree = "<group>"; };
		AB9C97FE2ABE4EA1008B796B /* Proxima Nova ExCn Black It.otf */ = {isa = PBXFileReference; lastKnownFileType = file; path = "Proxima Nova ExCn Black It.otf"; sourceTree = "<group>"; };
		AB9C97FF2ABE4EA1008B796B /* Proxima Nova Cond Light It.otf */ = {isa = PBXFileReference; lastKnownFileType = file; path = "Proxima Nova Cond Light It.otf"; sourceTree = "<group>"; };
		AB9C98002ABE4EA1008B796B /* Proxima Nova Reg It.otf */ = {isa = PBXFileReference; lastKnownFileType = file; path = "Proxima Nova Reg It.otf"; sourceTree = "<group>"; };
		AB9C98012ABE4EA1008B796B /* Proxima Nova Cond Thin It.otf */ = {isa = PBXFileReference; lastKnownFileType = file; path = "Proxima Nova Cond Thin It.otf"; sourceTree = "<group>"; };
		AB9C98022ABE4EA1008B796B /* Proxima Nova Cond Bold It.otf */ = {isa = PBXFileReference; lastKnownFileType = file; path = "Proxima Nova Cond Bold It.otf"; sourceTree = "<group>"; };
		AB9C98032ABE4EA1008B796B /* Proxima Nova Light.otf */ = {isa = PBXFileReference; lastKnownFileType = file; path = "Proxima Nova Light.otf"; sourceTree = "<group>"; };
		AB9C98042ABE4EA1008B796B /* Proxima Nova ExCn Xbold.otf */ = {isa = PBXFileReference; lastKnownFileType = file; path = "Proxima Nova ExCn Xbold.otf"; sourceTree = "<group>"; };
		AB9C98052ABE4EA1008B796B /* Proxima Nova Xbold It.otf */ = {isa = PBXFileReference; lastKnownFileType = file; path = "Proxima Nova Xbold It.otf"; sourceTree = "<group>"; };
		AB9C98062ABE4EA1008B796B /* Proxima Nova ExCn Black.otf */ = {isa = PBXFileReference; lastKnownFileType = file; path = "Proxima Nova ExCn Black.otf"; sourceTree = "<group>"; };
		AB9C98072ABE4EA1008B796B /* Proxima Nova Cond Thin.otf */ = {isa = PBXFileReference; lastKnownFileType = file; path = "Proxima Nova Cond Thin.otf"; sourceTree = "<group>"; };
		AB9C98082ABE4EA1008B796B /* Proxima Nova Cond Xbold It.otf */ = {isa = PBXFileReference; lastKnownFileType = file; path = "Proxima Nova Cond Xbold It.otf"; sourceTree = "<group>"; };
		AB9C98092ABE4EA1008B796B /* Proxima Nova Cond Light.otf */ = {isa = PBXFileReference; lastKnownFileType = file; path = "Proxima Nova Cond Light.otf"; sourceTree = "<group>"; };
		AB9C980A2ABE4EA1008B796B /* Proxima Nova.ttf */ = {isa = PBXFileReference; lastKnownFileType = file; path = "Proxima Nova.ttf"; sourceTree = "<group>"; };
		AB9C980B2ABE4EA1008B796B /* Proxima Nova ExCn Sbold It.otf */ = {isa = PBXFileReference; lastKnownFileType = file; path = "Proxima Nova ExCn Sbold It.otf"; sourceTree = "<group>"; };
		AB9C980C2ABE4EA1008B796B /* Proxima Nova ExCn Sbold.otf */ = {isa = PBXFileReference; lastKnownFileType = file; path = "Proxima Nova ExCn Sbold.otf"; sourceTree = "<group>"; };
		AB9C980D2ABE4EA1008B796B /* Proxima Nova Cond Reg It.otf */ = {isa = PBXFileReference; lastKnownFileType = file; path = "Proxima Nova Cond Reg It.otf"; sourceTree = "<group>"; };
		AB9C980E2ABE4EA1008B796B /* Proxima Nova Light It.otf */ = {isa = PBXFileReference; lastKnownFileType = file; path = "Proxima Nova Light It.otf"; sourceTree = "<group>"; };
		AB9C980F2ABE4EA1008B796B /* Proxima Nova Cond Bold.otf */ = {isa = PBXFileReference; lastKnownFileType = file; path = "Proxima Nova Cond Bold.otf"; sourceTree = "<group>"; };
		AB9C98102ABE4EA1008B796B /* Proxima Nova ExCn Thin.otf */ = {isa = PBXFileReference; lastKnownFileType = file; path = "Proxima Nova ExCn Thin.otf"; sourceTree = "<group>"; };
		AB9C98112ABE4EA1008B796B /* Proxima Nova Cond Sbold It.otf */ = {isa = PBXFileReference; lastKnownFileType = file; path = "Proxima Nova Cond Sbold It.otf"; sourceTree = "<group>"; };
		AB9C98122ABE4EA1008B796B /* Proxima Nova Cond Reg.otf */ = {isa = PBXFileReference; lastKnownFileType = file; path = "Proxima Nova Cond Reg.otf"; sourceTree = "<group>"; };
		AB9C98132ABE4EA1008B796B /* Proxima Nova ExCn Xbold It.otf */ = {isa = PBXFileReference; lastKnownFileType = file; path = "Proxima Nova ExCn Xbold It.otf"; sourceTree = "<group>"; };
		AB9C98142ABE4EA1008B796B /* Proxima Nova Cond Black.otf */ = {isa = PBXFileReference; lastKnownFileType = file; path = "Proxima Nova Cond Black.otf"; sourceTree = "<group>"; };
		AB9C98152ABE4EA1008B796B /* Proxima Nova Black It.otf */ = {isa = PBXFileReference; lastKnownFileType = file; path = "Proxima Nova Black It.otf"; sourceTree = "<group>"; };
		AB9C98162ABE4EA1008B796B /* Proxima Nova ExCn Light.otf */ = {isa = PBXFileReference; lastKnownFileType = file; path = "Proxima Nova ExCn Light.otf"; sourceTree = "<group>"; };
		AB9C98172ABE4EA1008B796B /* Proxima Nova Xbold.otf */ = {isa = PBXFileReference; lastKnownFileType = file; path = "Proxima Nova Xbold.otf"; sourceTree = "<group>"; };
		AB9C98182ABE4EA1008B796B /* Proxima Nova Bold.ttf */ = {isa = PBXFileReference; lastKnownFileType = file; path = "Proxima Nova Bold.ttf"; sourceTree = "<group>"; };
		AB9C98192ABE4EA1008B796B /* Proxima Nova Cond Sbold.otf */ = {isa = PBXFileReference; lastKnownFileType = file; path = "Proxima Nova Cond Sbold.otf"; sourceTree = "<group>"; };
		AB9C981A2ABE4EA1008B796B /* Proxima Nova ExCn Bold.otf */ = {isa = PBXFileReference; lastKnownFileType = file; path = "Proxima Nova ExCn Bold.otf"; sourceTree = "<group>"; };
		AB9C981B2ABE4EA1008B796B /* Proxima Nova Black.otf */ = {isa = PBXFileReference; lastKnownFileType = file; path = "Proxima Nova Black.otf"; sourceTree = "<group>"; };
		AB9C981C2ABE4EA1008B796B /* Proxima Nova ExCn Reg It.otf */ = {isa = PBXFileReference; lastKnownFileType = file; path = "Proxima Nova ExCn Reg It.otf"; sourceTree = "<group>"; };
		AB9C981D2ABE4EA1008B796B /* Proxima Nova ExCn Light It.otf */ = {isa = PBXFileReference; lastKnownFileType = file; path = "Proxima Nova ExCn Light It.otf"; sourceTree = "<group>"; };
		AB9C981E2ABE4EA1008B796B /* Proxima Nova Cond Xbold.otf */ = {isa = PBXFileReference; lastKnownFileType = file; path = "Proxima Nova Cond Xbold.otf"; sourceTree = "<group>"; };
		AB9C981F2ABE4EA1008B796B /* Proxima Nova Cond Black It.otf */ = {isa = PBXFileReference; lastKnownFileType = file; path = "Proxima Nova Cond Black It.otf"; sourceTree = "<group>"; };
		AB9C98202ABE4EA1008B796B /* Proxima Nova Bold.otf */ = {isa = PBXFileReference; lastKnownFileType = file; path = "Proxima Nova Bold.otf"; sourceTree = "<group>"; };
		AB9C98212ABE4EA1008B796B /* Proxima Nova Sbold.otf */ = {isa = PBXFileReference; lastKnownFileType = file; path = "Proxima Nova Sbold.otf"; sourceTree = "<group>"; };
		AB9C98222ABE4EA1008B796B /* Proxima Nova Thin It.otf */ = {isa = PBXFileReference; lastKnownFileType = file; path = "Proxima Nova Thin It.otf"; sourceTree = "<group>"; };
		AB9C98232ABE4EA1008B796B /* Proxima Nova Bold It.otf */ = {isa = PBXFileReference; lastKnownFileType = file; path = "Proxima Nova Bold It.otf"; sourceTree = "<group>"; };
		AB9C98242ABE4EA1008B796B /* Proxima Nova ExCn Bold It.otf */ = {isa = PBXFileReference; lastKnownFileType = file; path = "Proxima Nova ExCn Bold It.otf"; sourceTree = "<group>"; };
		AB9C98252ABE4EA1008B796B /* Proxima Nova ExCn Thin It.otf */ = {isa = PBXFileReference; lastKnownFileType = file; path = "Proxima Nova ExCn Thin It.otf"; sourceTree = "<group>"; };
		AB9C98262ABE4EA1008B796B /* Proxima Nova Thin.otf */ = {isa = PBXFileReference; lastKnownFileType = file; path = "Proxima Nova Thin.otf"; sourceTree = "<group>"; };
		AB9C98272ABE4EA1008B796B /* Proxima Nova ExCn Reg.otf */ = {isa = PBXFileReference; lastKnownFileType = file; path = "Proxima Nova ExCn Reg.otf"; sourceTree = "<group>"; };
		AB9C98282ABE4EA1008B796B /* Proxima Nova Sbold It.otf */ = {isa = PBXFileReference; lastKnownFileType = file; path = "Proxima Nova Sbold It.otf"; sourceTree = "<group>"; };
		AB9C98542ABE4EB6008B796B /* Info.plist */ = {isa = PBXFileReference; lastKnownFileType = text.plist; path = Info.plist; sourceTree = "<group>"; };
		AB9C98552ABE4FD1008B796B /* Extensions.swift */ = {isa = PBXFileReference; lastKnownFileType = sourcecode.swift; path = Extensions.swift; sourceTree = "<group>"; };
		AB9C98582ABE510A008B796B /* AboutParagraphView.swift */ = {isa = PBXFileReference; lastKnownFileType = sourcecode.swift; path = AboutParagraphView.swift; sourceTree = "<group>"; };
		AB9C985A2ABE5117008B796B /* ButtonView.swift */ = {isa = PBXFileReference; lastKnownFileType = sourcecode.swift; path = ButtonView.swift; sourceTree = "<group>"; };
		AB9C985C2ABE5126008B796B /* LinkView.swift */ = {isa = PBXFileReference; lastKnownFileType = sourcecode.swift; path = LinkView.swift; sourceTree = "<group>"; };
		AB9C98602ABE514C008B796B /* PowerHeaderView.swift */ = {isa = PBXFileReference; lastKnownFileType = sourcecode.swift; path = PowerHeaderView.swift; sourceTree = "<group>"; };
		AB9C98622ABE5159008B796B /* PowerImageView.swift */ = {isa = PBXFileReference; lastKnownFileType = sourcecode.swift; path = PowerImageView.swift; sourceTree = "<group>"; };
		AB9C98642ABE516A008B796B /* SocialMediaView.swift */ = {isa = PBXFileReference; lastKnownFileType = sourcecode.swift; path = SocialMediaView.swift; sourceTree = "<group>"; };
		AB9C98692ABE5482008B796B /* TopCardView.swift */ = {isa = PBXFileReference; lastKnownFileType = sourcecode.swift; path = TopCardView.swift; sourceTree = "<group>"; };
		AB9C986D2ABE5BFC008B796B /* TechHeaderView.swift */ = {isa = PBXFileReference; lastKnownFileType = sourcecode.swift; path = TechHeaderView.swift; sourceTree = "<group>"; };
		AB9C986F2ABE5CA7008B796B /* BottomCardHeaderView.swift */ = {isa = PBXFileReference; lastKnownFileType = sourcecode.swift; path = BottomCardHeaderView.swift; sourceTree = "<group>"; };
		AB9C98762ABE5EE8008B796B /* EmployeeView.swift */ = {isa = PBXFileReference; lastKnownFileType = sourcecode.swift; path = EmployeeView.swift; sourceTree = "<group>"; };
		AB9C98782ABE5EFD008B796B /* EmployeeIconView.swift */ = {isa = PBXFileReference; lastKnownFileType = sourcecode.swift; path = EmployeeIconView.swift; sourceTree = "<group>"; };
		AB9C987A2ABE6025008B796B /* AvatarIconView.swift */ = {isa = PBXFileReference; lastKnownFileType = sourcecode.swift; path = AvatarIconView.swift; sourceTree = "<group>"; };
		AB9C987C2ABE63A6008B796B /* BottomCardView.swift */ = {isa = PBXFileReference; lastKnownFileType = sourcecode.swift; path = BottomCardView.swift; sourceTree = "<group>"; };
/* End PBXFileReference section */

/* Begin PBXFrameworksBuildPhase section */
		AB9C97E72ABE4C5A008B796B /* Frameworks */ = {
			isa = PBXFrameworksBuildPhase;
			buildActionMask = 2147483647;
			files = (
			);
			runOnlyForDeploymentPostprocessing = 0;
		};
/* End PBXFrameworksBuildPhase section */

/* Begin PBXGroup section */
		AB9C97E12ABE4C5A008B796B = {
			isa = PBXGroup;
			children = (
				AB9C97EC2ABE4C5A008B796B /* PowerUIMockChallenge */,
				AB9C97EB2ABE4C5A008B796B /* Products */,
			);
			sourceTree = "<group>";
		};
		AB9C97EB2ABE4C5A008B796B /* Products */ = {
			isa = PBXGroup;
			children = (
				AB9C97EA2ABE4C5A008B796B /* PowerUIMockChallenge.app */,
			);
			name = Products;
			sourceTree = "<group>";
		};
		AB9C97EC2ABE4C5A008B796B /* PowerUIMockChallenge */ = {
			isa = PBXGroup;
			children = (
				AB9C97ED2ABE4C5A008B796B /* PowerUIMockChallengeApp.swift */,
				AB9C98542ABE4EB6008B796B /* Info.plist */,
				AB9C98572ABE50F2008B796B /* View */,
				AB9C97FB2ABE4E8B008B796B /* HelperFiles */,
				AB9C97F12ABE4C5B008B796B /* Assets.xcassets */,
				AB9C97F32ABE4C5B008B796B /* Preview Content */,
			);
			path = PowerUIMockChallenge;
			sourceTree = "<group>";
		};
		AB9C97F32ABE4C5B008B796B /* Preview Content */ = {
			isa = PBXGroup;
			children = (
				AB9C97F42ABE4C5B008B796B /* Preview Assets.xcassets */,
			);
			path = "Preview Content";
			sourceTree = "<group>";
		};
		AB9C97FB2ABE4E8B008B796B /* HelperFiles */ = {
			isa = PBXGroup;
			children = (
				AB9C97FC2ABE4EA1008B796B /* fonts */,
				AB9C98552ABE4FD1008B796B /* Extensions.swift */,
			);
			path = HelperFiles;
			sourceTree = "<group>";
		};
		AB9C97FC2ABE4EA1008B796B /* fonts */ = {
			isa = PBXGroup;
			children = (
				AB9C97FD2ABE4EA1008B796B /* proxima nova */,
			);
			path = fonts;
			sourceTree = "<group>";
		};
		AB9C97FD2ABE4EA1008B796B /* proxima nova */ = {
			isa = PBXGroup;
			children = (
				AB9C97FE2ABE4EA1008B796B /* Proxima Nova ExCn Black It.otf */,
				AB9C97FF2ABE4EA1008B796B /* Proxima Nova Cond Light It.otf */,
				AB9C98002ABE4EA1008B796B /* Proxima Nova Reg It.otf */,
				AB9C98012ABE4EA1008B796B /* Proxima Nova Cond Thin It.otf */,
				AB9C98022ABE4EA1008B796B /* Proxima Nova Cond Bold It.otf */,
				AB9C98032ABE4EA1008B796B /* Proxima Nova Light.otf */,
				AB9C98042ABE4EA1008B796B /* Proxima Nova ExCn Xbold.otf */,
				AB9C98052ABE4EA1008B796B /* Proxima Nova Xbold It.otf */,
				AB9C98062ABE4EA1008B796B /* Proxima Nova ExCn Black.otf */,
				AB9C98072ABE4EA1008B796B /* Proxima Nova Cond Thin.otf */,
				AB9C98082ABE4EA1008B796B /* Proxima Nova Cond Xbold It.otf */,
				AB9C98092ABE4EA1008B796B /* Proxima Nova Cond Light.otf */,
				AB9C980A2ABE4EA1008B796B /* Proxima Nova.ttf */,
				AB9C980B2ABE4EA1008B796B /* Proxima Nova ExCn Sbold It.otf */,
				AB9C980C2ABE4EA1008B796B /* Proxima Nova ExCn Sbold.otf */,
				AB9C980D2ABE4EA1008B796B /* Proxima Nova Cond Reg It.otf */,
				AB9C980E2ABE4EA1008B796B /* Proxima Nova Light It.otf */,
				AB9C980F2ABE4EA1008B796B /* Proxima Nova Cond Bold.otf */,
				AB9C98102ABE4EA1008B796B /* Proxima Nova ExCn Thin.otf */,
				AB9C98112ABE4EA1008B796B /* Proxima Nova Cond Sbold It.otf */,
				AB9C98122ABE4EA1008B796B /* Proxima Nova Cond Reg.otf */,
				AB9C98132ABE4EA1008B796B /* Proxima Nova ExCn Xbold It.otf */,
				AB9C98142ABE4EA1008B796B /* Proxima Nova Cond Black.otf */,
				AB9C98152ABE4EA1008B796B /* Proxima Nova Black It.otf */,
				AB9C98162ABE4EA1008B796B /* Proxima Nova ExCn Light.otf */,
				AB9C98172ABE4EA1008B796B /* Proxima Nova Xbold.otf */,
				AB9C98182ABE4EA1008B796B /* Proxima Nova Bold.ttf */,
				AB9C98192ABE4EA1008B796B /* Proxima Nova Cond Sbold.otf */,
				AB9C981A2ABE4EA1008B796B /* Proxima Nova ExCn Bold.otf */,
				AB9C981B2ABE4EA1008B796B /* Proxima Nova Black.otf */,
				AB9C981C2ABE4EA1008B796B /* Proxima Nova ExCn Reg It.otf */,
				AB9C981D2ABE4EA1008B796B /* Proxima Nova ExCn Light It.otf */,
				AB9C981E2ABE4EA1008B796B /* Proxima Nova Cond Xbold.otf */,
				AB9C981F2ABE4EA1008B796B /* Proxima Nova Cond Black It.otf */,
				AB9C98202ABE4EA1008B796B /* Proxima Nova Bold.otf */,
				AB9C98212ABE4EA1008B796B /* Proxima Nova Sbold.otf */,
				AB9C98222ABE4EA1008B796B /* Proxima Nova Thin It.otf */,
				AB9C98232ABE4EA1008B796B /* Proxima Nova Bold It.otf */,
				AB9C98242ABE4EA1008B796B /* Proxima Nova ExCn Bold It.otf */,
				AB9C98252ABE4EA1008B796B /* Proxima Nova ExCn Thin It.otf */,
				AB9C98262ABE4EA1008B796B /* Proxima Nova Thin.otf */,
				AB9C98272ABE4EA1008B796B /* Proxima Nova ExCn Reg.otf */,
				AB9C98282ABE4EA1008B796B /* Proxima Nova Sbold It.otf */,
			);
			path = "proxima nova";
			sourceTree = "<group>";
		};
		AB9C98572ABE50F2008B796B /* View */ = {
			isa = PBXGroup;
			children = (
				AB9C97EF2ABE4C5A008B796B /* ContentView.swift */,
				AB9C98682ABE53EB008B796B /* TopCardPage */,
				AB9C98672ABE53D6008B796B /* BottomCardPage */,
			);
			path = View;
			sourceTree = "<group>";
		};
		AB9C98672ABE53D6008B796B /* BottomCardPage */ = {
			isa = PBXGroup;
			children = (
				AB9C987C2ABE63A6008B796B /* BottomCardView.swift */,
				AB9C986F2ABE5CA7008B796B /* BottomCardHeaderView.swift */,
				AB9C98762ABE5EE8008B796B /* EmployeeView.swift */,
				AB9C98782ABE5EFD008B796B /* EmployeeIconView.swift */,
				AB9C987A2ABE6025008B796B /* AvatarIconView.swift */,
			);
			path = BottomCardPage;
			sourceTree = "<group>";
		};
		AB9C98682ABE53EB008B796B /* TopCardPage */ = {
			isa = PBXGroup;
			children = (
				AB9C98692ABE5482008B796B /* TopCardView.swift */,
				AB9C98622ABE5159008B796B /* PowerImageView.swift */,
				AB9C98602ABE514C008B796B /* PowerHeaderView.swift */,
				AB9C986D2ABE5BFC008B796B /* TechHeaderView.swift */,
				AB9C985C2ABE5126008B796B /* LinkView.swift */,
				AB9C98642ABE516A008B796B /* SocialMediaView.swift */,
				AB9C98582ABE510A008B796B /* AboutParagraphView.swift */,
				AB9C985A2ABE5117008B796B /* ButtonView.swift */,
			);
			path = TopCardPage;
			sourceTree = "<group>";
		};
/* End PBXGroup section */

/* Begin PBXNativeTarget section */
		AB9C97E92ABE4C5A008B796B /* PowerUIMockChallenge */ = {
			isa = PBXNativeTarget;
			buildConfigurationList = AB9C97F82ABE4C5B008B796B /* Build configuration list for PBXNativeTarget "PowerUIMockChallenge" */;
			buildPhases = (
				AB9C97E62ABE4C5A008B796B /* Sources */,
				AB9C97E72ABE4C5A008B796B /* Frameworks */,
				AB9C97E82ABE4C5A008B796B /* Resources */,
			);
			buildRules = (
			);
			dependencies = (
			);
			name = PowerUIMockChallenge;
			productName = PowerUIMockChallenge;
			productReference = AB9C97EA2ABE4C5A008B796B /* PowerUIMockChallenge.app */;
			productType = "com.apple.product-type.application";
		};
/* End PBXNativeTarget section */

/* Begin PBXProject section */
		AB9C97E22ABE4C5A008B796B /* Project object */ = {
			isa = PBXProject;
			attributes = {
				BuildIndependentTargetsInParallel = 1;
				LastSwiftUpdateCheck = 1500;
				LastUpgradeCheck = 1500;
				TargetAttributes = {
					AB9C97E92ABE4C5A008B796B = {
						CreatedOnToolsVersion = 15.0;
					};
				};
			};
			buildConfigurationList = AB9C97E52ABE4C5A008B796B /* Build configuration list for PBXProject "PowerUIMockChallenge" */;
			compatibilityVersion = "Xcode 14.0";
			developmentRegion = en;
			hasScannedForEncodings = 0;
			knownRegions = (
				en,
				Base,
			);
			mainGroup = AB9C97E12ABE4C5A008B796B;
			productRefGroup = AB9C97EB2ABE4C5A008B796B /* Products */;
			projectDirPath = "";
			projectRoot = "";
			targets = (
				AB9C97E92ABE4C5A008B796B /* PowerUIMockChallenge */,
			);
		};
/* End PBXProject section */

/* Begin PBXResourcesBuildPhase section */
		AB9C97E82ABE4C5A008B796B /* Resources */ = {
			isa = PBXResourcesBuildPhase;
			buildActionMask = 2147483647;
			files = (
				AB9C98392ABE4EA1008B796B /* Proxima Nova Light It.otf in Resources */,
				AB9C984E2ABE4EA1008B796B /* Proxima Nova Bold It.otf in Resources */,
				AB9C98382ABE4EA1008B796B /* Proxima Nova Cond Reg It.otf in Resources */,
				AB9C98452ABE4EA1008B796B /* Proxima Nova ExCn Bold.otf in Resources */,
				AB9C984B2ABE4EA1008B796B /* Proxima Nova Bold.otf in Resources */,
				AB9C983F2ABE4EA1008B796B /* Proxima Nova Cond Black.otf in Resources */,
				AB9C98412ABE4EA1008B796B /* Proxima Nova ExCn Light.otf in Resources */,
				AB9C983D2ABE4EA1008B796B /* Proxima Nova Cond Reg.otf in Resources */,
				AB9C982D2ABE4EA1008B796B /* Proxima Nova Cond Bold It.otf in Resources */,
				AB9C984A2ABE4EA1008B796B /* Proxima Nova Cond Black It.otf in Resources */,
				AB9C982E2ABE4EA1008B796B /* Proxima Nova Light.otf in Resources */,
				AB9C982B2ABE4EA1008B796B /* Proxima Nova Reg It.otf in Resources */,
				AB9C98512ABE4EA1008B796B /* Proxima Nova Thin.otf in Resources */,
				AB9C97F52ABE4C5B008B796B /* Preview Assets.xcassets in Resources */,
				AB9C98332ABE4EA1008B796B /* Proxima Nova Cond Xbold It.otf in Resources */,
				AB9C98492ABE4EA1008B796B /* Proxima Nova Cond Xbold.otf in Resources */,
				AB9C98522ABE4EA1008B796B /* Proxima Nova ExCn Reg.otf in Resources */,
				AB9C98422ABE4EA1008B796B /* Proxima Nova Xbold.otf in Resources */,
				AB9C98482ABE4EA1008B796B /* Proxima Nova ExCn Light It.otf in Resources */,
				AB9C983B2ABE4EA1008B796B /* Proxima Nova ExCn Thin.otf in Resources */,
				AB9C98442ABE4EA1008B796B /* Proxima Nova Cond Sbold.otf in Resources */,
				AB9C98322ABE4EA1008B796B /* Proxima Nova Cond Thin.otf in Resources */,
				AB9C982F2ABE4EA1008B796B /* Proxima Nova ExCn Xbold.otf in Resources */,
				AB9C97F22ABE4C5B008B796B /* Assets.xcassets in Resources */,
				AB9C98532ABE4EA1008B796B /* Proxima Nova Sbold It.otf in Resources */,
				AB9C98432ABE4EA1008B796B /* Proxima Nova Bold.ttf in Resources */,
				AB9C98362ABE4EA1008B796B /* Proxima Nova ExCn Sbold It.otf in Resources */,
				AB9C98502ABE4EA1008B796B /* Proxima Nova ExCn Thin It.otf in Resources */,
				AB9C98402ABE4EA1008B796B /* Proxima Nova Black It.otf in Resources */,
				AB9C98302ABE4EA1008B796B /* Proxima Nova Xbold It.otf in Resources */,
				AB9C982A2ABE4EA1008B796B /* Proxima Nova Cond Light It.otf in Resources */,
				AB9C983C2ABE4EA1008B796B /* Proxima Nova Cond Sbold It.otf in Resources */,
				AB9C982C2ABE4EA1008B796B /* Proxima Nova Cond Thin It.otf in Resources */,
				AB9C98472ABE4EA1008B796B /* Proxima Nova ExCn Reg It.otf in Resources */,
				AB9C98312ABE4EA1008B796B /* Proxima Nova ExCn Black.otf in Resources */,
				AB9C984F2ABE4EA1008B796B /* Proxima Nova ExCn Bold It.otf in Resources */,
				AB9C98342ABE4EA1008B796B /* Proxima Nova Cond Light.otf in Resources */,
				AB9C98372ABE4EA1008B796B /* Proxima Nova ExCn Sbold.otf in Resources */,
				AB9C98352ABE4EA1008B796B /* Proxima Nova.ttf in Resources */,
				AB9C983E2ABE4EA1008B796B /* Proxima Nova ExCn Xbold It.otf in Resources */,
				AB9C983A2ABE4EA1008B796B /* Proxima Nova Cond Bold.otf in Resources */,
				AB9C984D2ABE4EA1008B796B /* Proxima Nova Thin It.otf in Resources */,
				AB9C98462ABE4EA1008B796B /* Proxima Nova Black.otf in Resources */,
				AB9C98292ABE4EA1008B796B /* Proxima Nova ExCn Black It.otf in Resources */,
				AB9C984C2ABE4EA1008B796B /* Proxima Nova Sbold.otf in Resources */,
			);
			runOnlyForDeploymentPostprocessing = 0;
		};
/* End PBXResourcesBuildPhase section */

/* Begin PBXSourcesBuildPhase section */
		AB9C97E62ABE4C5A008B796B /* Sources */ = {
			isa = PBXSourcesBuildPhase;
			buildActionMask = 2147483647;
			files = (
				AB9C98702ABE5CA7008B796B /* BottomCardHeaderView.swift in Sources */,
				AB9C98772ABE5EE8008B796B /* EmployeeView.swift in Sources */,
				AB9C97F02ABE4C5A008B796B /* ContentView.swift in Sources */,
				AB9C986E2ABE5BFC008B796B /* TechHeaderView.swift in Sources */,
				AB9C98562ABE4FD1008B796B /* Extensions.swift in Sources */,
				AB9C986A2ABE5482008B796B /* TopCardView.swift in Sources */,
				AB9C98632ABE5159008B796B /* PowerImageView.swift in Sources */,
				AB9C985B2ABE5117008B796B /* ButtonView.swift in Sources */,
				AB9C97EE2ABE4C5A008B796B /* PowerUIMockChallengeApp.swift in Sources */,
				AB9C987D2ABE63A6008B796B /* BottomCardView.swift in Sources */,
				AB9C98792ABE5EFD008B796B /* EmployeeIconView.swift in Sources */,
				AB9C985D2ABE5126008B796B /* LinkView.swift in Sources */,
				AB9C98652ABE516A008B796B /* SocialMediaView.swift in Sources */,
				AB9C98612ABE514C008B796B /* PowerHeaderView.swift in Sources */,
				AB9C987B2ABE6025008B796B /* AvatarIconView.swift in Sources */,
				AB9C98592ABE510A008B796B /* AboutParagraphView.swift in Sources */,
			);
			runOnlyForDeploymentPostprocessing = 0;
		};
/* End PBXSourcesBuildPhase section */

/* Begin XCBuildConfiguration section */
		AB9C97F62ABE4C5B008B796B /* Debug */ = {
			isa = XCBuildConfiguration;
			buildSettings = {
				ALWAYS_SEARCH_USER_PATHS = NO;
				ASSETCATALOG_COMPILER_GENERATE_SWIFT_ASSET_SYMBOL_EXTENSIONS = YES;
				CLANG_ANALYZER_NONNULL = YES;
				CLANG_ANALYZER_NUMBER_OBJECT_CONVERSION = YES_AGGRESSIVE;
				CLANG_CXX_LANGUAGE_STANDARD = "gnu++20";
				CLANG_ENABLE_MODULES = YES;
				CLANG_ENABLE_OBJC_ARC = YES;
				CLANG_ENABLE_OBJC_WEAK = YES;
				CLANG_WARN_BLOCK_CAPTURE_AUTORELEASING = YES;
				CLANG_WARN_BOOL_CONVERSION = YES;
				CLANG_WARN_COMMA = YES;
				CLANG_WARN_CONSTANT_CONVERSION = YES;
				CLANG_WARN_DEPRECATED_OBJC_IMPLEMENTATIONS = YES;
				CLANG_WARN_DIRECT_OBJC_ISA_USAGE = YES_ERROR;
				CLANG_WARN_DOCUMENTATION_COMMENTS = YES;
				CLANG_WARN_EMPTY_BODY = YES;
				CLANG_WARN_ENUM_CONVERSION = YES;
				CLANG_WARN_INFINITE_RECURSION = YES;
				CLANG_WARN_INT_CONVERSION = YES;
				CLANG_WARN_NON_LITERAL_NULL_CONVERSION = YES;
				CLANG_WARN_OBJC_IMPLICIT_RETAIN_SELF = YES;
				CLANG_WARN_OBJC_LITERAL_CONVERSION = YES;
				CLANG_WARN_OBJC_ROOT_CLASS = YES_ERROR;
				CLANG_WARN_QUOTED_INCLUDE_IN_FRAMEWORK_HEADER = YES;
				CLANG_WARN_RANGE_LOOP_ANALYSIS = YES;
				CLANG_WARN_STRICT_PROTOTYPES = YES;
				CLANG_WARN_SUSPICIOUS_MOVE = YES;
				CLANG_WARN_UNGUARDED_AVAILABILITY = YES_AGGRESSIVE;
				CLANG_WARN_UNREACHABLE_CODE = YES;
				CLANG_WARN__DUPLICATE_METHOD_MATCH = YES;
				COPY_PHASE_STRIP = NO;
				DEBUG_INFORMATION_FORMAT = dwarf;
				ENABLE_STRICT_OBJC_MSGSEND = YES;
				ENABLE_TESTABILITY = YES;
				ENABLE_USER_SCRIPT_SANDBOXING = YES;
				GCC_C_LANGUAGE_STANDARD = gnu17;
				GCC_DYNAMIC_NO_PIC = NO;
				GCC_NO_COMMON_BLOCKS = YES;
				GCC_OPTIMIZATION_LEVEL = 0;
				GCC_PREPROCESSOR_DEFINITIONS = (
					"DEBUG=1",
					"$(inherited)",
				);
				GCC_WARN_64_TO_32_BIT_CONVERSION = YES;
				GCC_WARN_ABOUT_RETURN_TYPE = YES_ERROR;
				GCC_WARN_UNDECLARED_SELECTOR = YES;
				GCC_WARN_UNINITIALIZED_AUTOS = YES_AGGRESSIVE;
				GCC_WARN_UNUSED_FUNCTION = YES;
				GCC_WARN_UNUSED_VARIABLE = YES;
				IPHONEOS_DEPLOYMENT_TARGET = 17.0;
				LOCALIZATION_PREFERS_STRING_CATALOGS = YES;
				MTL_ENABLE_DEBUG_INFO = INCLUDE_SOURCE;
				MTL_FAST_MATH = YES;
				ONLY_ACTIVE_ARCH = YES;
				SDKROOT = iphoneos;
				SWIFT_ACTIVE_COMPILATION_CONDITIONS = "DEBUG $(inherited)";
				SWIFT_OPTIMIZATION_LEVEL = "-Onone";
			};
			name = Debug;
		};
		AB9C97F72ABE4C5B008B796B /* Release */ = {
			isa = XCBuildConfiguration;
			buildSettings = {
				ALWAYS_SEARCH_USER_PATHS = NO;
				ASSETCATALOG_COMPILER_GENERATE_SWIFT_ASSET_SYMBOL_EXTENSIONS = YES;
				CLANG_ANALYZER_NONNULL = YES;
				CLANG_ANALYZER_NUMBER_OBJECT_CONVERSION = YES_AGGRESSIVE;
				CLANG_CXX_LANGUAGE_STANDARD = "gnu++20";
				CLANG_ENABLE_MODULES = YES;
				CLANG_ENABLE_OBJC_ARC = YES;
				CLANG_ENABLE_OBJC_WEAK = YES;
				CLANG_WARN_BLOCK_CAPTURE_AUTORELEASING = YES;
				CLANG_WARN_BOOL_CONVERSION = YES;
				CLANG_WARN_COMMA = YES;
				CLANG_WARN_CONSTANT_CONVERSION = YES;
				CLANG_WARN_DEPRECATED_OBJC_IMPLEMENTATIONS = YES;
				CLANG_WARN_DIRECT_OBJC_ISA_USAGE = YES_ERROR;
				CLANG_WARN_DOCUMENTATION_COMMENTS = YES;
				CLANG_WARN_EMPTY_BODY = YES;
				CLANG_WARN_ENUM_CONVERSION = YES;
				CLANG_WARN_INFINITE_RECURSION = YES;
				CLANG_WARN_INT_CONVERSION = YES;
				CLANG_WARN_NON_LITERAL_NULL_CONVERSION = YES;
				CLANG_WARN_OBJC_IMPLICIT_RETAIN_SELF = YES;
				CLANG_WARN_OBJC_LITERAL_CONVERSION = YES;
				CLANG_WARN_OBJC_ROOT_CLASS = YES_ERROR;
				CLANG_WARN_QUOTED_INCLUDE_IN_FRAMEWORK_HEADER = YES;
				CLANG_WARN_RANGE_LOOP_ANALYSIS = YES;
				CLANG_WARN_STRICT_PROTOTYPES = YES;
				CLANG_WARN_SUSPICIOUS_MOVE = YES;
				CLANG_WARN_UNGUARDED_AVAILABILITY = YES_AGGRESSIVE;
				CLANG_WARN_UNREACHABLE_CODE = YES;
				CLANG_WARN__DUPLICATE_METHOD_MATCH = YES;
				COPY_PHASE_STRIP = NO;
				DEBUG_INFORMATION_FORMAT = "dwarf-with-dsym";
				ENABLE_NS_ASSERTIONS = NO;
				ENABLE_STRICT_OBJC_MSGSEND = YES;
				ENABLE_USER_SCRIPT_SANDBOXING = YES;
				GCC_C_LANGUAGE_STANDARD = gnu17;
				GCC_NO_COMMON_BLOCKS = YES;
				GCC_WARN_64_TO_32_BIT_CONVERSION = YES;
				GCC_WARN_ABOUT_RETURN_TYPE = YES_ERROR;
				GCC_WARN_UNDECLARED_SELECTOR = YES;
				GCC_WARN_UNINITIALIZED_AUTOS = YES_AGGRESSIVE;
				GCC_WARN_UNUSED_FUNCTION = YES;
				GCC_WARN_UNUSED_VARIABLE = YES;
				IPHONEOS_DEPLOYMENT_TARGET = 17.0;
				LOCALIZATION_PREFERS_STRING_CATALOGS = YES;
				MTL_ENABLE_DEBUG_INFO = NO;
				MTL_FAST_MATH = YES;
				SDKROOT = iphoneos;
				SWIFT_COMPILATION_MODE = wholemodule;
				VALIDATE_PRODUCT = YES;
			};
			name = Release;
		};
		AB9C97F92ABE4C5B008B796B /* Debug */ = {
			isa = XCBuildConfiguration;
			buildSettings = {
				ASSETCATALOG_COMPILER_APPICON_NAME = AppIcon;
				ASSETCATALOG_COMPILER_GLOBAL_ACCENT_COLOR_NAME = AccentColor;
				CODE_SIGN_STYLE = Automatic;
				CURRENT_PROJECT_VERSION = 1;
				DEVELOPMENT_ASSET_PATHS = "\"PowerUIMockChallenge/Preview Content\"";
				DEVELOPMENT_TEAM = 25MBFXXLA7;
				ENABLE_PREVIEWS = YES;
				GENERATE_INFOPLIST_FILE = YES;
				INFOPLIST_FILE = PowerUIMockChallenge/Info.plist;
				INFOPLIST_KEY_UIApplicationSceneManifest_Generation = YES;
				INFOPLIST_KEY_UIApplicationSupportsIndirectInputEvents = YES;
				INFOPLIST_KEY_UILaunchScreen_Generation = YES;
				INFOPLIST_KEY_UISupportedInterfaceOrientations_iPad = "UIInterfaceOrientationPortrait UIInterfaceOrientationPortraitUpsideDown UIInterfaceOrientationLandscapeLeft UIInterfaceOrientationLandscapeRight";
				INFOPLIST_KEY_UISupportedInterfaceOrientations_iPhone = "UIInterfaceOrientationPortrait UIInterfaceOrientationLandscapeLeft UIInterfaceOrientationLandscapeRight";
				IPHONEOS_DEPLOYMENT_TARGET = 16.0;
				LD_RUNPATH_SEARCH_PATHS = (
					"$(inherited)",
					"@executable_path/Frameworks",
				);
				MARKETING_VERSION = 1.0;
				PRODUCT_BUNDLE_IDENTIFIER = co.rar.PowerUIMockChallenge;
				PRODUCT_NAME = "$(TARGET_NAME)";
				SWIFT_EMIT_LOC_STRINGS = YES;
				SWIFT_VERSION = 5.0;
				TARGETED_DEVICE_FAMILY = "1,2";
			};
			name = Debug;
		};
		AB9C97FA2ABE4C5B008B796B /* Release */ = {
			isa = XCBuildConfiguration;
			buildSettings = {
				ASSETCATALOG_COMPILER_APPICON_NAME = AppIcon;
				ASSETCATALOG_COMPILER_GLOBAL_ACCENT_COLOR_NAME = AccentColor;
				CODE_SIGN_STYLE = Automatic;
				CURRENT_PROJECT_VERSION = 1;
				DEVELOPMENT_ASSET_PATHS = "\"PowerUIMockChallenge/Preview Content\"";
				DEVELOPMENT_TEAM = 25MBFXXLA7;
				ENABLE_PREVIEWS = YES;
				GENERATE_INFOPLIST_FILE = YES;
				INFOPLIST_FILE = PowerUIMockChallenge/Info.plist;
				INFOPLIST_KEY_UIApplicationSceneManifest_Generation = YES;
				INFOPLIST_KEY_UIApplicationSupportsIndirectInputEvents = YES;
				INFOPLIST_KEY_UILaunchScreen_Generation = YES;
				INFOPLIST_KEY_UISupportedInterfaceOrientations_iPad = "UIInterfaceOrientationPortrait UIInterfaceOrientationPortraitUpsideDown UIInterfaceOrientationLandscapeLeft UIInterfaceOrientationLandscapeRight";
				INFOPLIST_KEY_UISupportedInterfaceOrientations_iPhone = "UIInterfaceOrientationPortrait UIInterfaceOrientationLandscapeLeft UIInterfaceOrientationLandscapeRight";
				IPHONEOS_DEPLOYMENT_TARGET = 16.0;
				LD_RUNPATH_SEARCH_PATHS = (
					"$(inherited)",
					"@executable_path/Frameworks",
				);
				MARKETING_VERSION = 1.0;
				PRODUCT_BUNDLE_IDENTIFIER = co.rar.PowerUIMockChallenge;
				PRODUCT_NAME = "$(TARGET_NAME)";
				SWIFT_EMIT_LOC_STRINGS = YES;
				SWIFT_VERSION = 5.0;
				TARGETED_DEVICE_FAMILY = "1,2";
			};
			name = Release;
		};
/* End XCBuildConfiguration section */

/* Begin XCConfigurationList section */
		AB9C97E52ABE4C5A008B796B /* Build configuration list for PBXProject "PowerUIMockChallenge" */ = {
			isa = XCConfigurationList;
			buildConfigurations = (
				AB9C97F62ABE4C5B008B796B /* Debug */,
				AB9C97F72ABE4C5B008B796B /* Release */,
			);
			defaultConfigurationIsVisible = 0;
			defaultConfigurationName = Release;
		};
		AB9C97F82ABE4C5B008B796B /* Build configuration list for PBXNativeTarget "PowerUIMockChallenge" */ = {
			isa = XCConfigurationList;
			buildConfigurations = (
				AB9C97F92ABE4C5B008B796B /* Debug */,
				AB9C97FA2ABE4C5B008B796B /* Release */,
			);
			defaultConfigurationIsVisible = 0;
			defaultConfigurationName = Release;
		};
/* End XCConfigurationList section */
	};
	rootObject = AB9C97E22ABE4C5A008B796B /* Project object */;
}
